
Microsoft Visual Studio Solution File, Format Version 12.00
# Visual Studio Version 17
VisualStudioVersion = 17.7.34018.315
MinimumVisualStudioVersion = 10.0.40219.1
Project("{FAE04EC0-301F-11D3-BF4B-00C04F79EFBC}") = "Katharsis.Technician", "Katharsis.Technician\Katharsis.Technician.csproj", "{E8BA959B-C94C-4FB2-AF93-7BD626F39772}"
EndProject
Global
	GlobalSection(SolutionConfigurationPlatforms) = preSolution
		Debug|Any CPU = Debug|Any CPU
		Release|Any CPU = Release|Any CPU
	EndGlobalSection
	GlobalSection(ProjectConfigurationPlatforms) = postSolution
		{E8BA959B-C94C-4FB2-AF93-7BD626F39772}.Debug|Any CPU.ActiveCfg = Debug|Any CPU
		{E8BA959B-C94C-4FB2-AF93-7BD626F39772}.Debug|Any CPU.Build.0 = Debug|Any CPU
		{E8BA959B-C94C-4FB2-AF93-7BD626F39772}.Release|Any CPU.ActiveCfg = Release|Any CPU
		{E8BA959B-C94C-4FB2-AF93-7BD626F39772}.Release|Any CPU.Build.0 = Release|Any CPU
	EndGlobalSection
	GlobalSection(SolutionProperties) = preSolution
		HideSolutionNode = FALSE
	EndGlobalSection
	GlobalSection(ExtensibilityGlobals) = postSolution
		SolutionGuid = {419B8F49-9182-46FA-B81B-55502C7E1C47}
	EndGlobalSection
EndGlobal
